
Microsoft Visual Studio Solution File, Format Version 12.00
# Visual Studio Version 16
VisualStudioVersion = 16.0.29905.134
MinimumVisualStudioVersion = 10.0.40219.1
Project("{FAE04EC0-301F-11D3-BF4B-00C04F79EFBC}") = "CyclicalPermutation", "CyclicalPermutation\CyclicalPermutation.csproj", "{63BB4488-CCA8-43EC-B399-4201F85373D3}"
EndProject
Global
	GlobalSection(SolutionConfigurationPlatforms) = preSolution
		Debug|Any CPU = Debug|Any CPU
		Release|Any CPU = Release|Any CPU
	EndGlobalSection
	GlobalSection(ProjectConfigurationPlatforms) = postSolution
		{63BB4488-CCA8-43EC-B399-4201F85373D3}.Debug|Any CPU.ActiveCfg = Debug|Any CPU
		{63BB4488-CCA8-43EC-B399-4201F85373D3}.Debug|Any CPU.Build.0 = Debug|Any CPU
		{63BB4488-CCA8-43EC-B399-4201F85373D3}.Release|Any CPU.ActiveCfg = Release|Any CPU
		{63BB4488-CCA8-43EC-B399-4201F85373D3}.Release|Any CPU.Build.0 = Release|Any CPU
	EndGlobalSection
	GlobalSection(SolutionProperties) = preSolution
		HideSolutionNode = FALSE
	EndGlobalSection
	GlobalSection(ExtensibilityGlobals) = postSolution
		SolutionGuid = {0CD531E4-52B7-4EBC-9CDC-D6715F7EE5CB}
	EndGlobalSection
EndGlobal
